
Microsoft Visual Studio Solution File, Format Version 12.00
# Visual Studio Version 17
VisualStudioVersion = 17.10.35122.118
MinimumVisualStudioVersion = 10.0.40219.1
Project("{FAE04EC0-301F-11D3-BF4B-00C04F79EFBC}") = "search-insert-position", "search-insert-position\search-insert-position.csproj", "{D63CE4B3-8EEB-4999-ACDA-645AB2566CC4}"
EndProject
Global
	GlobalSection(SolutionConfigurationPlatforms) = preSolution
		Debug|Any CPU = Debug|Any CPU
		Release|Any CPU = Release|Any CPU
	EndGlobalSection
	GlobalSection(ProjectConfigurationPlatforms) = postSolution
		{D63CE4B3-8EEB-4999-ACDA-645AB2566CC4}.Debug|Any CPU.ActiveCfg = Debug|Any CPU
		{D63CE4B3-8EEB-4999-ACDA-645AB2566CC4}.Debug|Any CPU.Build.0 = Debug|Any CPU
		{D63CE4B3-8EEB-4999-ACDA-645AB2566CC4}.Release|Any CPU.ActiveCfg = Release|Any CPU
		{D63CE4B3-8EEB-4999-ACDA-645AB2566CC4}.Release|Any CPU.Build.0 = Release|Any CPU
	EndGlobalSection
	GlobalSection(SolutionProperties) = preSolution
		HideSolutionNode = FALSE
	EndGlobalSection
	GlobalSection(ExtensibilityGlobals) = postSolution
		SolutionGuid = {3B5FF2CD-F272-4AD8-B7C9-23081542420E}
	EndGlobalSection
EndGlobal
